// !$*UTF8*$!
{
	archiveVersion = 1;
	classes = {
	};
	objectVersion = 46;
	objects = {

/* Begin PBXBuildFile section */
		03772B791BEE0DAB00908B57 /* main.m in Sources */ = {isa = PBXBuildFile; fileRef = 03772B781BEE0DAB00908B57 /* main.m */; };
		03772B7C1BEE0DAB00908B57 /* AppDelegate.m in Sources */ = {isa = PBXBuildFile; fileRef = 03772B7B1BEE0DAB00908B57 /* AppDelegate.m */; };
		03772B7F1BEE0DAB00908B57 /* ViewController.m in Sources */ = {isa = PBXBuildFile; fileRef = 03772B7E1BEE0DAB00908B57 /* ViewController.m */; };
		03772B841BEE0DAB00908B57 /* Assets.xcassets in Resources */ = {isa = PBXBuildFile; fileRef = 03772B831BEE0DAB00908B57 /* Assets.xcassets */; };
		03772B871BEE0DAB00908B57 /* LaunchScreen.storyboard in Resources */ = {isa = PBXBuildFile; fileRef = 03772B851BEE0DAB00908B57 /* LaunchScreen.storyboard */; };
		03772B921BEE0DAB00908B57 /* RYRYReplicatorLayerDemoTests.m in Sources */ = {isa = PBXBuildFile; fileRef = 03772B911BEE0DAB00908B57 /* RYRYReplicatorLayerDemoTests.m */; };
		03772B9D1BEE0DAB00908B57 /* RYRYReplicatorLayerDemoUITests.m in Sources */ = {isa = PBXBuildFile; fileRef = 03772B9C1BEE0DAB00908B57 /* RYRYReplicatorLayerDemoUITests.m */; };
		03772BAC1BEE0DE800908B57 /* Main.storyboard in Resources */ = {isa = PBXBuildFile; fileRef = 03772BAA1BEE0DE800908B57 /* Main.storyboard */; settings = {ASSET_TAGS = (); }; };
/* End PBXBuildFile section */

/* Begin PBXContainerItemProxy section */
		03772B8E1BEE0DAB00908B57 /* PBXContainerItemProxy */ = {
			isa = PBXContainerItemProxy;
			containerPortal = 03772B6C1BEE0DAB00908B57 /* Project object */;
			proxyType = 1;
			remoteGlobalIDString = 03772B731BEE0DAB00908B57;
			remoteInfo = RYRYReplicatorLayerDemo;
		};
		03772B991BEE0DAB00908B57 /* PBXContainerItemProxy */ = {
			isa = PBXContainerItemProxy;
			containerPortal = 03772B6C1BEE0DAB00908B57 /* Project object */;
			proxyType = 1;
			remoteGlobalIDString = 03772B731BEE0DAB00908B57;
			remoteInfo = RYRYReplicatorLayerDemo;
		};
/* End PBXContainerItemProxy section */

/* Begin PBXFileReference section */
		03772B741BEE0DAB00908B57 /* RYRYReplicatorLayerDemo.app */ = {isa = PBXFileReference; explicitFileType = wrapper.application; includeInIndex = 0; path = RYRYReplicatorLayerDemo.app; sourceTree = BUILT_PRODUCTS_DIR; };
		03772B781BEE0DAB00908B57 /* main.m */ = {isa = PBXFileReference; lastKnownFileType = sourcecode.c.objc; path = main.m; sourceTree = "<group>"; };
		03772B7A1BEE0DAB00908B57 /* AppDelegate.h */ = {isa = PBXFileReference; lastKnownFileType = sourcecode.c.h; path = AppDelegate.h; sourceTree = "<group>"; };
		03772B7B1BEE0DAB00908B57 /* AppDelegate.m */ = {isa = PBXFileReference; lastKnownFileType = sourcecode.c.objc; path = AppDelegate.m; sourceTree = "<group>"; };
		03772B7D1BEE0DAB00908B57 /* ViewController.h */ = {isa = PBXFileReference; lastKnownFileType = sourcecode.c.h; path = ViewController.h; sourceTree = "<group>"; };
		03772B7E1BEE0DAB00908B57 /* ViewController.m */ = {isa = PBXFileReference; lastKnownFileType = sourcecode.c.objc; path = ViewController.m; sourceTree = "<group>"; };
		03772B831BEE0DAB00908B57 /* Assets.xcassets */ = {isa = PBXFileReference; lastKnownFileType = folder.assetcatalog; path = Assets.xcassets; sourceTree = "<group>"; };
		03772B861BEE0DAB00908B57 /* Base */ = {isa = PBXFileReference; lastKnownFileType = file.storyboard; name = Base; path = Base.lproj/LaunchScreen.storyboard; sourceTree = "<group>"; };
		03772B881BEE0DAB00908B57 /* Info.plist */ = {isa = PBXFileReference; lastKnownFileType = text.plist.xml; path = Info.plist; sourceTree = "<group>"; };
		03772B8D1BEE0DAB00908B57 /* RYRYReplicatorLayerDemoTests.xctest */ = {isa = PBXFileReference; explicitFileType = wrapper.cfbundle; includeInIndex = 0; path = RYRYReplicatorLayerDemoTests.xctest; sourceTree = BUILT_PRODUCTS_DIR; };
		03772B911BEE0DAB00908B57 /* RYRYReplicatorLayerDemoTests.m */ = {isa = PBXFileReference; lastKnownFileType = sourcecode.c.objc; path = RYRYReplicatorLayerDemoTests.m; sourceTree = "<group>"; };
		03772B931BEE0DAB00908B57 /* Info.plist */ = {isa = PBXFileReference; lastKnownFileType = text.plist.xml; path = Info.plist; sourceTree = "<group>"; };
		03772B981BEE0DAB00908B57 /* RYRYReplicatorLayerDemoUITests.xctest */ = {isa = PBXFileReference; explicitFileType = wrapper.cfbundle; includeInIndex = 0; path = RYRYReplicatorLayerDemoUITests.xctest; sourceTree = BUILT_PRODUCTS_DIR; };
		03772B9C1BEE0DAB00908B57 /* RYRYReplicatorLayerDemoUITests.m */ = {isa = PBXFileReference; lastKnownFileType = sourcecode.c.objc; path = RYRYReplicatorLayerDemoUITests.m; sourceTree = "<group>"; };
		03772B9E1BEE0DAB00908B57 /* Info.plist */ = {isa = PBXFileReference; lastKnownFileType = text.plist.xml; path = Info.plist; sourceTree = "<group>"; };
		03772BAB1BEE0DE800908B57 /* Base */ = {isa = PBXFileReference; lastKnownFileType = file.storyboard; name = Base; path = Base.lproj/Main.storyboard; sourceTree = "<group>"; };
/* End PBXFileReference section */

/* Begin PBXFrameworksBuildPhase section */
		03772B711BEE0DAB00908B57 /* Frameworks */ = {
			isa = PBXFrameworksBuildPhase;
			buildActionMask = 2147483647;
			files = (
			);
			runOnlyForDeploymentPostprocessing = 0;
		};
		03772B8A1BEE0DAB00908B57 /* Frameworks */ = {
			isa = PBXFrameworksBuildPhase;
			buildActionMask = 2147483647;
			files = (
			);
			runOnlyForDeploymentPostprocessing = 0;
		};
		03772B951BEE0DAB00908B57 /* Frameworks */ = {
			isa = PBXFrameworksBuildPhase;
			buildActionMask = 2147483647;
			files = (
			);
			runOnlyForDeploymentPostprocessing = 0;
		};
/* End PBXFrameworksBuildPhase section */

/* Begin PBXGroup section */
		03772B6B1BEE0DAB00908B57 = {
			isa = PBXGroup;
			children = (
				03772B761BEE0DAB00908B57 /* RYRYReplicatorLayerDemo */,
				03772B901BEE0DAB00908B57 /* RYRYReplicatorLayerDemoTests */,
				03772B9B1BEE0DAB00908B57 /* RYRYReplicatorLayerDemoUITests */,
				03772B751BEE0DAB00908B57 /* Products */,
			);
			sourceTree = "<group>";
		};
		03772B751BEE0DAB00908B57 /* Products */ = {
			isa = PBXGroup;
			children = (
				03772B741BEE0DAB00908B57 /* RYRYReplicatorLayerDemo.app */,
				03772B8D1BEE0DAB00908B57 /* RYRYReplicatorLayerDemoTests.xctest */,
				03772B981BEE0DAB00908B57 /* RYRYReplicatorLayerDemoUITests.xctest */,
			);
			name = Products;
			sourceTree = "<group>";
		};
		03772B761BEE0DAB00908B57 /* RYRYReplicatorLayerDemo */ = {
			isa = PBXGroup;
			children = (
				03772BAA1BEE0DE800908B57 /* Main.storyboard */,
				03772B7A1BEE0DAB00908B57 /* AppDelegate.h */,
				03772B7B1BEE0DAB00908B57 /* AppDelegate.m */,
				03772B7D1BEE0DAB00908B57 /* ViewController.h */,
				03772B7E1BEE0DAB00908B57 /* ViewController.m */,
				03772B831BEE0DAB00908B57 /* Assets.xcassets */,
				03772B851BEE0DAB00908B57 /* LaunchScreen.storyboard */,
				03772B881BEE0DAB00908B57 /* Info.plist */,
				03772B771BEE0DAB00908B57 /* Supporting Files */,
			);
			path = RYRYReplicatorLayerDemo;
			sourceTree = "<group>";
		};
		03772B771BEE0DAB00908B57 /* Supporting Files */ = {
			isa = PBXGroup;
			children = (
				03772B781BEE0DAB00908B57 /* main.m */,
			);
			name = "Supporting Files";
			sourceTree = "<group>";
		};
		03772B901BEE0DAB00908B57 /* RYRYReplicatorLayerDemoTests */ = {
			isa = PBXGroup;
			children = (
				03772B911BEE0DAB00908B57 /* RYRYReplicatorLayerDemoTests.m */,
				03772B931BEE0DAB00908B57 /* Info.plist */,
			);
			path = RYRYReplicatorLayerDemoTests;
			sourceTree = "<group>";
		};
		03772B9B1BEE0DAB00908B57 /* RYRYReplicatorLayerDemoUITests */ = {
			isa = PBXGroup;
			children = (
				03772B9C1BEE0DAB00908B57 /* RYRYReplicatorLayerDemoUITests.m */,
				03772B9E1BEE0DAB00908B57 /* Info.plist */,
			);
			path = RYRYReplicatorLayerDemoUITests;
			sourceTree = "<group>";
		};
/* End PBXGroup section */

/* Begin PBXNativeTarget section */
		03772B731BEE0DAB00908B57 /* RYRYReplicatorLayerDemo */ = {
			isa = PBXNativeTarget;
			buildConfigurationList = 03772BA11BEE0DAB00908B57 /* Build configuration list for PBXNativeTarget "RYRYReplicatorLayerDemo" */;
			buildPhases = (
				03772B701BEE0DAB00908B57 /* Sources */,
				03772B711BEE0DAB00908B57 /* Frameworks */,
				03772B721BEE0DAB00908B57 /* Resources */,
			);
			buildRules = (
			);
			dependencies = (
			);
			name = RYRYReplicatorLayerDemo;
			productName = RYRYReplicatorLayerDemo;
			productReference = 03772B741BEE0DAB00908B57 /* RYRYReplicatorLayerDemo.app */;
			productType = "com.apple.product-type.application";
		};
		03772B8C1BEE0DAB00908B57 /* RYRYReplicatorLayerDemoTests */ = {
			isa = PBXNativeTarget;
			buildConfigurationList = 03772BA41BEE0DAB00908B57 /* Build configuration list for PBXNativeTarget "RYRYReplicatorLayerDemoTests" */;
			buildPhases = (
				03772B891BEE0DAB00908B57 /* Sources */,
				03772B8A1BEE0DAB00908B57 /* Frameworks */,
				03772B8B1BEE0DAB00908B57 /* Resources */,
			);
			buildRules = (
			);
			dependencies = (
				03772B8F1BEE0DAB00908B57 /* PBXTargetDependency */,
			);
			name = RYRYReplicatorLayerDemoTests;
			productName = RYRYReplicatorLayerDemoTests;
			productReference = 03772B8D1BEE0DAB00908B57 /* RYRYReplicatorLayerDemoTests.xctest */;
			productType = "com.apple.product-type.bundle.unit-test";
		};
		03772B971BEE0DAB00908B57 /* RYRYReplicatorLayerDemoUITests */ = {
			isa = PBXNativeTarget;
			buildConfigurationList = 03772BA71BEE0DAB00908B57 /* Build configuration list for PBXNativeTarget "RYRYReplicatorLayerDemoUITests" */;
			buildPhases = (
				03772B941BEE0DAB00908B57 /* Sources */,
				03772B951BEE0DAB00908B57 /* Frameworks */,
				03772B961BEE0DAB00908B57 /* Resources */,
			);
			buildRules = (
			);
			dependencies = (
				03772B9A1BEE0DAB00908B57 /* PBXTargetDependency */,
			);
			name = RYRYReplicatorLayerDemoUITests;
			productName = RYRYReplicatorLayerDemoUITests;
			productReference = 03772B981BEE0DAB00908B57 /* RYRYReplicatorLayerDemoUITests.xctest */;
			productType = "com.apple.product-type.bundle.ui-testing";
		};
/* End PBXNativeTarget section */

/* Begin PBXProject section */
		03772B6C1BEE0DAB00908B57 /* Project object */ = {
			isa = PBXProject;
			attributes = {
				LastUpgradeCheck = 0700;
				ORGANIZATIONNAME = Resory;
				TargetAttributes = {
					03772B731BEE0DAB00908B57 = {
						CreatedOnToolsVersion = 7.0.1;
					};
					03772B8C1BEE0DAB00908B57 = {
						CreatedOnToolsVersion = 7.0.1;
						TestTargetID = 03772B731BEE0DAB00908B57;
					};
					03772B971BEE0DAB00908B57 = {
						CreatedOnToolsVersion = 7.0.1;
						TestTargetID = 03772B731BEE0DAB00908B57;
					};
				};
			};
			buildConfigurationList = 03772B6F1BEE0DAB00908B57 /* Build configuration list for PBXProject "RYRYReplicatorLayerDemo" */;
			compatibilityVersion = "Xcode 3.2";
			developmentRegion = English;
			hasScannedForEncodings = 0;
			knownRegions = (
				en,
				Base,
			);
			mainGroup = 03772B6B1BEE0DAB00908B57;
			productRefGroup = 03772B751BEE0DAB00908B57 /* Products */;
			projectDirPath = "";
			projectRoot = "";
			targets = (
				03772B731BEE0DAB00908B57 /* RYRYReplicatorLayerDemo */,
				03772B8C1BEE0DAB00908B57 /* RYRYReplicatorLayerDemoTests */,
				03772B971BEE0DAB00908B57 /* RYRYReplicatorLayerDemoUITests */,
			);
		};
/* End PBXProject section */

/* Begin PBXResourcesBuildPhase section */
		03772B721BEE0DAB00908B57 /* Resources */ = {
			isa = PBXResourcesBuildPhase;
			buildActionMask = 2147483647;
			files = (
				03772BAC1BEE0DE800908B57 /* Main.storyboard in Resources */,
				03772B871BEE0DAB00908B57 /* LaunchScreen.storyboard in Resources */,
				03772B841BEE0DAB00908B57 /* Assets.xcassets in Resources */,
			);
			runOnlyForDeploymentPostprocessing = 0;
		};
		03772B8B1BEE0DAB00908B57 /* Resources */ = {
			isa = PBXResourcesBuildPhase;
			buildActionMask = 2147483647;
			files = (
			);
			runOnlyForDeploymentPostprocessing = 0;
		};
		03772B961BEE0DAB00908B57 /* Resources */ = {
			isa = PBXResourcesBuildPhase;
			buildActionMask = 2147483647;
			files = (
			);
			runOnlyForDeploymentPostprocessing = 0;
		};
/* End PBXResourcesBuildPhase section */

/* Begin PBXSourcesBuildPhase section */
		03772B701BEE0DAB00908B57 /* Sources */ = {
			isa = PBXSourcesBuildPhase;
			buildActionMask = 2147483647;
			files = (
				03772B7F1BEE0DAB00908B57 /* ViewController.m in Sources */,
				03772B7C1BEE0DAB00908B57 /* AppDelegate.m in Sources */,
				03772B791BEE0DAB00908B57 /* main.m in Sources */,
			);
			runOnlyForDeploymentPostprocessing = 0;
		};
		03772B891BEE0DAB00908B57 /* Sources */ = {
			isa = PBXSourcesBuildPhase;
			buildActionMask = 2147483647;
			files = (
				03772B921BEE0DAB00908B57 /* RYRYReplicatorLayerDemoTests.m in Sources */,
			);
			runOnlyForDeploymentPostprocessing = 0;
		};
		03772B941BEE0DAB00908B57 /* Sources */ = {
			isa = PBXSourcesBuildPhase;
			buildActionMask = 2147483647;
			files = (
				03772B9D1BEE0DAB00908B57 /* RYRYReplicatorLayerDemoUITests.m in Sources */,
			);
			runOnlyForDeploymentPostprocessing = 0;
		};
/* End PBXSourcesBuildPhase section */

/* Begin PBXTargetDependency section */
		03772B8F1BEE0DAB00908B57 /* PBXTargetDependency */ = {
			isa = PBXTargetDependency;
			target = 03772B731BEE0DAB00908B57 /* RYRYReplicatorLayerDemo */;
			targetProxy = 03772B8E1BEE0DAB00908B57 /* PBXContainerItemProxy */;
		};
		03772B9A1BEE0DAB00908B57 /* PBXTargetDependency */ = {
			isa = PBXTargetDependency;
			target = 03772B731BEE0DAB00908B57 /* RYRYReplicatorLayerDemo */;
			targetProxy = 03772B991BEE0DAB00908B57 /* PBXContainerItemProxy */;
		};
/* End PBXTargetDependency section */

/* Begin PBXVariantGroup section */
		03772B851BEE0DAB00908B57 /* LaunchScreen.storyboard */ = {
			isa = PBXVariantGroup;
			children = (
				03772B861BEE0DAB00908B57 /* Base */,
			);
			name = LaunchScreen.storyboard;
			sourceTree = "<group>";
		};
		03772BAA1BEE0DE800908B57 /* Main.storyboard */ = {
			isa = PBXVariantGroup;
			children = (
				03772BAB1BEE0DE800908B57 /* Base */,
			);
			name = Main.storyboard;
			sourceTree = "<group>";
		};
/* End PBXVariantGroup section */

/* Begin XCBuildConfiguration section */
		03772B9F1BEE0DAB00908B57 /* Debug */ = {
			isa = XCBuildConfiguration;
			buildSettings = {
				ALWAYS_SEARCH_USER_PATHS = NO;
				CLANG_CXX_LANGUAGE_STANDARD = "gnu++0x";
				CLANG_CXX_LIBRARY = "libc++";
				CLANG_ENABLE_MODULES = YES;
				CLANG_ENABLE_OBJC_ARC = YES;
				CLANG_WARN_BOOL_CONVERSION = YES;
				CLANG_WARN_CONSTANT_CONVERSION = YES;
				CLANG_WARN_DIRECT_OBJC_ISA_USAGE = YES_ERROR;
				CLANG_WARN_EMPTY_BODY = YES;
				CLANG_WARN_ENUM_CONVERSION = YES;
				CLANG_WARN_INT_CONVERSION = YES;
				CLANG_WARN_OBJC_ROOT_CLASS = YES_ERROR;
				CLANG_WARN_UNREACHABLE_CODE = YES;
				CLANG_WARN__DUPLICATE_METHOD_MATCH = YES;
				"CODE_SIGN_IDENTITY[sdk=iphoneos*]" = "iPhone Developer";
				COPY_PHASE_STRIP = NO;
				DEBUG_INFORMATION_FORMAT = dwarf;
				ENABLE_STRICT_OBJC_MSGSEND = YES;
				ENABLE_TESTABILITY = YES;
				GCC_C_LANGUAGE_STANDARD = gnu99;
				GCC_DYNAMIC_NO_PIC = NO;
				GCC_NO_COMMON_BLOCKS = YES;
				GCC_OPTIMIZATION_LEVEL = 0;
				GCC_PREPROCESSOR_DEFINITIONS = (
					"DEBUG=1",
					"$(inherited)",
				);
				GCC_WARN_64_TO_32_BIT_CONVERSION = YES;
				GCC_WARN_ABOUT_RETURN_TYPE = YES_ERROR;
				GCC_WARN_UNDECLARED_SELECTOR = YES;
				GCC_WARN_UNINITIALIZED_AUTOS = YES_AGGRESSIVE;
				GCC_WARN_UNUSED_FUNCTION = YES;
				GCC_WARN_UNUSED_VARIABLE = YES;
				IPHONEOS_DEPLOYMENT_TARGET = 9.0;
				MTL_ENABLE_DEBUG_INFO = YES;
				ONLY_ACTIVE_ARCH = YES;
				SDKROOT = iphoneos;
			};
			name = Debug;
		};
		03772BA01BEE0DAB00908B57 /* Release */ = {
			isa = XCBuildConfiguration;
			buildSettings = {
				ALWAYS_SEARCH_USER_PATHS = NO;
				CLANG_CXX_LANGUAGE_STANDARD = "gnu++0x";
				CLANG_CXX_LIBRARY = "libc++";
				CLANG_ENABLE_MODULES = YES;
				CLANG_ENABLE_OBJC_ARC = YES;
				CLANG_WARN_BOOL_CONVERSION = YES;
				CLANG_WARN_CONSTANT_CONVERSION = YES;
				CLANG_WARN_DIRECT_OBJC_ISA_USAGE = YES_ERROR;
				CLANG_WARN_EMPTY_BODY = YES;
				CLANG_WARN_ENUM_CONVERSION = YES;
				CLANG_WARN_INT_CONVERSION = YES;
				CLANG_WARN_OBJC_ROOT_CLASS = YES_ERROR;
				CLANG_WARN_UNREACHABLE_CODE = YES;
				CLANG_WARN__DUPLICATE_METHOD_MATCH = YES;
				"CODE_SIGN_IDENTITY[sdk=iphoneos*]" = "iPhone Developer";
				COPY_PHASE_STRIP = NO;
				DEBUG_INFORMATION_FORMAT = "dwarf-with-dsym";
				ENABLE_NS_ASSERTIONS = NO;
				ENABLE_STRICT_OBJC_MSGSEND = YES;
				GCC_C_LANGUAGE_STANDARD = gnu99;
				GCC_NO_COMMON_BLOCKS = YES;
				GCC_WARN_64_TO_32_BIT_CONVERSION = YES;
				GCC_WARN_ABOUT_RETURN_TYPE = YES_ERROR;
				GCC_WARN_UNDECLARED_SELECTOR = YES;
				GCC_WARN_UNINITIALIZED_AUTOS = YES_AGGRESSIVE;
				GCC_WARN_UNUSED_FUNCTION = YES;
				GCC_WARN_UNUSED_VARIABLE = YES;
				IPHONEOS_DEPLOYMENT_TARGET = 9.0;
				MTL_ENABLE_DEBUG_INFO = NO;
				SDKROOT = iphoneos;
				VALIDATE_PRODUCT = YES;
			};
			name = Release;
		};
		03772BA21BEE0DAB00908B57 /* Debug */ = {
			isa = XCBuildConfiguration;
			buildSettings = {
				ASSETCATALOG_COMPILER_APPICON_NAME = AppIcon;
				INFOPLIST_FILE = RYRYReplicatorLayerDemo/Info.plist;
				LD_RUNPATH_SEARCH_PATHS = "$(inherited) @executable_path/Frameworks";
				PRODUCT_BUNDLE_IDENTIFIER = com.resory.RYRYReplicatorLayerDemo;
				PRODUCT_NAME = "$(TARGET_NAME)";
			};
			name = Debug;
		};
		03772BA31BEE0DAB00908B57 /* Release */ = {
			isa = XCBuildConfiguration;
			buildSettings = {
				ASSETCATALOG_COMPILER_APPICON_NAME = AppIcon;
				INFOPLIST_FILE = RYRYReplicatorLayerDemo/Info.plist;
				LD_RUNPATH_SEARCH_PATHS = "$(inherited) @executable_path/Frameworks";
				PRODUCT_BUNDLE_IDENTIFIER = com.resory.RYRYReplicatorLayerDemo;
				PRODUCT_NAME = "$(TARGET_NAME)";
			};
			name = Release;
		};
		03772BA51BEE0DAB00908B57 /* Debug */ = {
			isa = XCBuildConfiguration;
			buildSettings = {
				BUNDLE_LOADER = "$(TEST_HOST)";
				INFOPLIST_FILE = RYRYReplicatorLayerDemoTests/Info.plist;
				LD_RUNPATH_SEARCH_PATHS = "$(inherited) @executable_path/Frameworks @loader_path/Frameworks";
				PRODUCT_BUNDLE_IDENTIFIER = com.resory.RYRYReplicatorLayerDemoTests;
				PRODUCT_NAME = "$(TARGET_NAME)";
				TEST_HOST = "$(BUILT_PRODUCTS_DIR)/RYRYReplicatorLayerDemo.app/RYRYReplicatorLayerDemo";
			};
			name = Debug;
		};
		03772BA61BEE0DAB00908B57 /* Release */ = {
			isa = XCBuildConfiguration;
			buildSettings = {
				BUNDLE_LOADER = "$(TEST_HOST)";
				INFOPLIST_FILE = RYRYReplicatorLayerDemoTests/Info.plist;
				LD_RUNPATH_SEARCH_PATHS = "$(inherited) @executable_path/Frameworks @loader_path/Frameworks";
				PRODUCT_BUNDLE_IDENTIFIER = com.resory.RYRYReplicatorLayerDemoTests;
				PRODUCT_NAME = "$(TARGET_NAME)";
				TEST_HOST = "$(BUILT_PRODUCTS_DIR)/RYRYReplicatorLayerDemo.app/RYRYReplicatorLayerDemo";
			};
			name = Release;
		};
		03772BA81BEE0DAB00908B57 /* Debug */ = {
			isa = XCBuildConfiguration;
			buildSettings = {
				INFOPLIST_FILE = RYRYReplicatorLayerDemoUITests/Info.plist;
				LD_RUNPATH_SEARCH_PATHS = "$(inherited) @executable_path/Frameworks @loader_path/Frameworks";
				PRODUCT_BUNDLE_IDENTIFIER = com.resory.RYRYReplicatorLayerDemoUITests;
				PRODUCT_NAME = "$(TARGET_NAME)";
				TEST_TARGET_NAME = RYRYReplicatorLayerDemo;
				USES_XCTRUNNER = YES;
			};
			name = Debug;
		};
		03772BA91BEE0DAB00908B57 /* Release */ = {
			isa = XCBuildConfiguration;
			buildSettings = {
				INFOPLIST_FILE = RYRYReplicatorLayerDemoUITests/Info.plist;
				LD_RUNPATH_SEARCH_PATHS = "$(inherited) @executable_path/Frameworks @loader_path/Frameworks";
				PRODUCT_BUNDLE_IDENTIFIER = com.resory.RYRYReplicatorLayerDemoUITests;
				PRODUCT_NAME = "$(TARGET_NAME)";
				TEST_TARGET_NAME = RYRYReplicatorLayerDemo;
				USES_XCTRUNNER = YES;
			};
			name = Release;
		};
/* End XCBuildConfiguration section */

/* Begin XCConfigurationList section */
		03772B6F1BEE0DAB00908B57 /* Build configuration list for PBXProject "RYRYReplicatorLayerDemo" */ = {
			isa = XCConfigurationList;
			buildConfigurations = (
				03772B9F1BEE0DAB00908B57 /* Debug */,
				03772BA01BEE0DAB00908B57 /* Release */,
			);
			defaultConfigurationIsVisible = 0;
			defaultConfigurationName = Release;
		};
		03772BA11BEE0DAB00908B57 /* Build configuration list for PBXNativeTarget "RYRYReplicatorLayerDemo" */ = {
			isa = XCConfigurationList;
			buildConfigurations = (
				03772BA21BEE0DAB00908B57 /* Debug */,
				03772BA31BEE0DAB00908B57 /* Release */,
			);
			defaultConfigurationIsVisible = 0;
		};
		03772BA41BEE0DAB00908B57 /* Build configuration list for PBXNativeTarget "RYRYReplicatorLayerDemoTests" */ = {
			isa = XCConfigurationList;
			buildConfigurations = (
				03772BA51BEE0DAB00908B57 /* Debug */,
				03772BA61BEE0DAB00908B57 /* Release */,
			);
			defaultConfigurationIsVisible = 0;
		};
		03772BA71BEE0DAB00908B57 /* Build configuration list for PBXNativeTarget "RYRYReplicatorLayerDemoUITests" */ = {
			isa = XCConfigurationList;
			buildConfigurations = (
				03772BA81BEE0DAB00908B57 /* Debug */,
				03772BA91BEE0DAB00908B57 /* Release */,
			);
			defaultConfigurationIsVisible = 0;
		};
/* End XCConfigurationList section */
	};
	rootObject = 03772B6C1BEE0DAB00908B57 /* Project object */;
}
